// !$*UTF8*$!
{
	archiveVersion = 1;
	classes = {
	};
	objectVersion = 46;
	objects = {

/* Begin PBXBuildFile section */
		5691BD611AA606A900CE3529 /* AppDelegate.swift in Sources */ = {isa = PBXBuildFile; fileRef = 5691BD601AA606A900CE3529 /* AppDelegate.swift */; };
		5691BD631AA606A900CE3529 /* ViewController.swift in Sources */ = {isa = PBXBuildFile; fileRef = 5691BD621AA606A900CE3529 /* ViewController.swift */; };
		5691BD661AA606A900CE3529 /* Main.storyboard in Resources */ = {isa = PBXBuildFile; fileRef = 5691BD641AA606A900CE3529 /* Main.storyboard */; };
		5691BD681AA606A900CE3529 /* Images.xcassets in Resources */ = {isa = PBXBuildFile; fileRef = 5691BD671AA606A900CE3529 /* Images.xcassets */; };
		5691BD6B1AA606A900CE3529 /* LaunchScreen.xib in Resources */ = {isa = PBXBuildFile; fileRef = 5691BD691AA606A900CE3529 /* LaunchScreen.xib */; };
		5691BD771AA606A900CE3529 /* CassiniTests.swift in Sources */ = {isa = PBXBuildFile; fileRef = 5691BD761AA606A900CE3529 /* CassiniTests.swift */; };
		5691BD811AA607A700CE3529 /* ImageViewController.swift in Sources */ = {isa = PBXBuildFile; fileRef = 5691BD801AA607A700CE3529 /* ImageViewController.swift */; };
		5691BD831AA60A4900CE3529 /* DemoURL.swift in Sources */ = {isa = PBXBuildFile; fileRef = 5691BD821AA60A4900CE3529 /* DemoURL.swift */; };
/* End PBXBuildFile section */

/* Begin PBXContainerItemProxy section */
		5691BD711AA606A900CE3529 /* PBXContainerItemProxy */ = {
			isa = PBXContainerItemProxy;
			containerPortal = 5691BD531AA606A900CE3529 /* Project object */;
			proxyType = 1;
			remoteGlobalIDString = 5691BD5A1AA606A900CE3529;
			remoteInfo = Cassini;
		};
/* End PBXContainerItemProxy section */

/* Begin PBXFileReference section */
		5691BD5B1AA606A900CE3529 /* Cassini.app */ = {isa = PBXFileReference; explicitFileType = wrapper.application; includeInIndex = 0; path = Cassini.app; sourceTree = BUILT_PRODUCTS_DIR; };
		5691BD5F1AA606A900CE3529 /* Info.plist */ = {isa = PBXFileReference; lastKnownFileType = text.plist.xml; path = Info.plist; sourceTree = "<group>"; };
		5691BD601AA606A900CE3529 /* AppDelegate.swift */ = {isa = PBXFileReference; lastKnownFileType = sourcecode.swift; path = AppDelegate.swift; sourceTree = "<group>"; };
		5691BD621AA606A900CE3529 /* ViewController.swift */ = {isa = PBXFileReference; lastKnownFileType = sourcecode.swift; path = ViewController.swift; sourceTree = "<group>"; };
		5691BD651AA606A900CE3529 /* Base */ = {isa = PBXFileReference; lastKnownFileType = file.storyboard; name = Base; path = Base.lproj/Main.storyboard; sourceTree = "<group>"; };
		5691BD671AA606A900CE3529 /* Images.xcassets */ = {isa = PBXFileReference; lastKnownFileType = folder.assetcatalog; path = Images.xcassets; sourceTree = "<group>"; };
		5691BD6A1AA606A900CE3529 /* Base */ = {isa = PBXFileReference; lastKnownFileType = file.xib; name = Base; path = Base.lproj/LaunchScreen.xib; sourceTree = "<group>"; };
		5691BD701AA606A900CE3529 /* CassiniTests.xctest */ = {isa = PBXFileReference; explicitFileType = wrapper.cfbundle; includeInIndex = 0; path = CassiniTests.xctest; sourceTree = BUILT_PRODUCTS_DIR; };
		5691BD751AA606A900CE3529 /* Info.plist */ = {isa = PBXFileReference; lastKnownFileType = text.plist.xml; path = Info.plist; sourceTree = "<group>"; };
		5691BD761AA606A900CE3529 /* CassiniTests.swift */ = {isa = PBXFileReference; lastKnownFileType = sourcecode.swift; path = CassiniTests.swift; sourceTree = "<group>"; };
		5691BD801AA607A700CE3529 /* ImageViewController.swift */ = {isa = PBXFileReference; fileEncoding = 4; lastKnownFileType = sourcecode.swift; path = ImageViewController.swift; sourceTree = "<group>"; };
		5691BD821AA60A4900CE3529 /* DemoURL.swift */ = {isa = PBXFileReference; fileEncoding = 4; lastKnownFileType = sourcecode.swift; path = DemoURL.swift; sourceTree = "<group>"; };
/* End PBXFileReference section */

/* Begin PBXFrameworksBuildPhase section */
		5691BD581AA606A900CE3529 /* Frameworks */ = {
			isa = PBXFrameworksBuildPhase;
			buildActionMask = 2147483647;
			files = (
			);
			runOnlyForDeploymentPostprocessing = 0;
		};
		5691BD6D1AA606A900CE3529 /* Frameworks */ = {
			isa = PBXFrameworksBuildPhase;
			buildActionMask = 2147483647;
			files = (
			);
			runOnlyForDeploymentPostprocessing = 0;
		};
/* End PBXFrameworksBuildPhase section */

/* Begin PBXGroup section */
		5691BD521AA606A900CE3529 = {
			isa = PBXGroup;
			children = (
				5691BD5D1AA606A900CE3529 /* Cassini */,
				5691BD731AA606A900CE3529 /* CassiniTests */,
				5691BD5C1AA606A900CE3529 /* Products */,
			);
			sourceTree = "<group>";
		};
		5691BD5C1AA606A900CE3529 /* Products */ = {
			isa = PBXGroup;
			children = (
				5691BD5B1AA606A900CE3529 /* Cassini.app */,
				5691BD701AA606A900CE3529 /* CassiniTests.xctest */,
			);
			name = Products;
			sourceTree = "<group>";
		};
		5691BD5D1AA606A900CE3529 /* Cassini */ = {
			isa = PBXGroup;
			children = (
				5691BD641AA606A900CE3529 /* Main.storyboard */,
				5691BD801AA607A700CE3529 /* ImageViewController.swift */,
				5691BD621AA606A900CE3529 /* ViewController.swift */,
				5691BD821AA60A4900CE3529 /* DemoURL.swift */,
				5691BD5E1AA606A900CE3529 /* Supporting Files */,
			);
			path = Cassini;
			sourceTree = "<group>";
		};
		5691BD5E1AA606A900CE3529 /* Supporting Files */ = {
			isa = PBXGroup;
			children = (
				5691BD601AA606A900CE3529 /* AppDelegate.swift */,
				5691BD691AA606A900CE3529 /* LaunchScreen.xib */,
				5691BD671AA606A900CE3529 /* Images.xcassets */,
				5691BD5F1AA606A900CE3529 /* Info.plist */,
			);
			name = "Supporting Files";
			sourceTree = "<group>";
		};
		5691BD731AA606A900CE3529 /* CassiniTests */ = {
			isa = PBXGroup;
			children = (
				5691BD761AA606A900CE3529 /* CassiniTests.swift */,
				5691BD741AA606A900CE3529 /* Supporting Files */,
			);
			path = CassiniTests;
			sourceTree = "<group>";
		};
		5691BD741AA606A900CE3529 /* Supporting Files */ = {
			isa = PBXGroup;
			children = (
				5691BD751AA606A900CE3529 /* Info.plist */,
			);
			name = "Supporting Files";
			sourceTree = "<group>";
		};
/* End PBXGroup section */

/* Begin PBXNativeTarget section */
		5691BD5A1AA606A900CE3529 /* Cassini */ = {
			isa = PBXNativeTarget;
			buildConfigurationList = 5691BD7A1AA606A900CE3529 /* Build configuration list for PBXNativeTarget "Cassini" */;
			buildPhases = (
				5691BD571AA606A900CE3529 /* Sources */,
				5691BD581AA606A900CE3529 /* Frameworks */,
				5691BD591AA606A900CE3529 /* Resources */,
			);
			buildRules = (
			);
			dependencies = (
			);
			name = Cassini;
			productName = Cassini;
			productReference = 5691BD5B1AA606A900CE3529 /* Cassini.app */;
			productType = "com.apple.product-type.application";
		};
		5691BD6F1AA606A900CE3529 /* CassiniTests */ = {
			isa = PBXNativeTarget;
			buildConfigurationList = 5691BD7D1AA606A900CE3529 /* Build configuration list for PBXNativeTarget "CassiniTests" */;
			buildPhases = (
				5691BD6C1AA606A900CE3529 /* Sources */,
				5691BD6D1AA606A900CE3529 /* Frameworks */,
				5691BD6E1AA606A900CE3529 /* Resources */,
			);
			buildRules = (
			);
			dependencies = (
				5691BD721AA606A900CE3529 /* PBXTargetDependency */,
			);
			name = CassiniTests;
			productName = CassiniTests;
			productReference = 5691BD701AA606A900CE3529 /* CassiniTests.xctest */;
			productType = "com.apple.product-type.bundle.unit-test";
		};
/* End PBXNativeTarget section */

/* Begin PBXProject section */
		5691BD531AA606A900CE3529 /* Project object */ = {
			isa = PBXProject;
			attributes = {
				LastUpgradeCheck = 0630;
				ORGANIZATIONNAME = "Alin Muntean";
				TargetAttributes = {
					5691BD5A1AA606A900CE3529 = {
						CreatedOnToolsVersion = 6.3;
					};
					5691BD6F1AA606A900CE3529 = {
						CreatedOnToolsVersion = 6.3;
						TestTargetID = 5691BD5A1AA606A900CE3529;
					};
				};
			};
			buildConfigurationList = 5691BD561AA606A900CE3529 /* Build configuration list for PBXProject "Cassini" */;
			compatibilityVersion = "Xcode 3.2";
			developmentRegion = English;
			hasScannedForEncodings = 0;
			knownRegions = (
				en,
				Base,
			);
			mainGroup = 5691BD521AA606A900CE3529;
			productRefGroup = 5691BD5C1AA606A900CE3529 /* Products */;
			projectDirPath = "";
			projectRoot = "";
			targets = (
				5691BD5A1AA606A900CE3529 /* Cassini */,
				5691BD6F1AA606A900CE3529 /* CassiniTests */,
			);
		};
/* End PBXProject section */

/* Begin PBXResourcesBuildPhase section */
		5691BD591AA606A900CE3529 /* Resources */ = {
			isa = PBXResourcesBuildPhase;
			buildActionMask = 2147483647;
			files = (
				5691BD661AA606A900CE3529 /* Main.storyboard in Resources */,
				5691BD6B1AA606A900CE3529 /* LaunchScreen.xib in Resources */,
				5691BD681AA606A900CE3529 /* Images.xcassets in Resources */,
			);
			runOnlyForDeploymentPostprocessing = 0;
		};
		5691BD6E1AA606A900CE3529 /* Resources */ = {
			isa = PBXResourcesBuildPhase;
			buildActionMask = 2147483647;
			files = (
			);
			runOnlyForDeploymentPostprocessing = 0;
		};
/* End PBXResourcesBuildPhase section */

/* Begin PBXSourcesBuildPhase section */
		5691BD571AA606A900CE3529 /* Sources */ = {
			isa = PBXSourcesBuildPhase;
			buildActionMask = 2147483647;
			files = (
				5691BD831AA60A4900CE3529 /* DemoURL.swift in Sources */,
				5691BD631AA606A900CE3529 /* ViewController.swift in Sources */,
				5691BD811AA607A700CE3529 /* ImageViewController.swift in Sources */,
				5691BD611AA606A900CE3529 /* AppDelegate.swift in Sources */,
			);
			runOnlyForDeploymentPostprocessing = 0;
		};
		5691BD6C1AA606A900CE3529 /* Sources */ = {
			isa = PBXSourcesBuildPhase;
			buildActionMask = 2147483647;
			files = (
				5691BD771AA606A900CE3529 /* CassiniTests.swift in Sources */,
			);
			runOnlyForDeploymentPostprocessing = 0;
		};
/* End PBXSourcesBuildPhase section */

/* Begin PBXTargetDependency section */
		5691BD721AA606A900CE3529 /* PBXTargetDependency */ = {
			isa = PBXTargetDependency;
			target = 5691BD5A1AA606A900CE3529 /* Cassini */;
			targetProxy = 5691BD711AA606A900CE3529 /* PBXContainerItemProxy */;
		};
/* End PBXTargetDependency section */

/* Begin PBXVariantGroup section */
		5691BD641AA606A900CE3529 /* Main.storyboard */ = {
			isa = PBXVariantGroup;
			children = (
				5691BD651AA606A900CE3529 /* Base */,
			);
			name = Main.storyboard;
			sourceTree = "<group>";
		};
		5691BD691AA606A900CE3529 /* LaunchScreen.xib */ = {
			isa = PBXVariantGroup;
			children = (
				5691BD6A1AA606A900CE3529 /* Base */,
			);
			name = LaunchScreen.xib;
			sourceTree = "<group>";
		};
/* End PBXVariantGroup section */

/* Begin XCBuildConfiguration section */
		5691BD781AA606A900CE3529 /* Debug */ = {
			isa = XCBuildConfiguration;
			buildSettings = {
				ALWAYS_SEARCH_USER_PATHS = NO;
				CLANG_CXX_LANGUAGE_STANDARD = "gnu++0x";
				CLANG_CXX_LIBRARY = "libc++";
				CLANG_ENABLE_MODULES = YES;
				CLANG_ENABLE_OBJC_ARC = YES;
				CLANG_WARN_BOOL_CONVERSION = YES;
				CLANG_WARN_CONSTANT_CONVERSION = YES;
				CLANG_WARN_DIRECT_OBJC_ISA_USAGE = YES_ERROR;
				CLANG_WARN_EMPTY_BODY = YES;
				CLANG_WARN_ENUM_CONVERSION = YES;
				CLANG_WARN_INT_CONVERSION = YES;
				CLANG_WARN_OBJC_ROOT_CLASS = YES_ERROR;
				CLANG_WARN_UNREACHABLE_CODE = YES;
				CLANG_WARN__DUPLICATE_METHOD_MATCH = YES;
				"CODE_SIGN_IDENTITY[sdk=iphoneos*]" = "iPhone Developer";
				COPY_PHASE_STRIP = NO;
				DEBUG_INFORMATION_FORMAT = dwarf;
				ENABLE_STRICT_OBJC_MSGSEND = YES;
				GCC_C_LANGUAGE_STANDARD = gnu99;
				GCC_DYNAMIC_NO_PIC = NO;
				GCC_NO_COMMON_BLOCKS = YES;
				GCC_OPTIMIZATION_LEVEL = 0;
				GCC_PREPROCESSOR_DEFINITIONS = (
					"DEBUG=1",
					"$(inherited)",
				);
				GCC_SYMBOLS_PRIVATE_EXTERN = NO;
				GCC_WARN_64_TO_32_BIT_CONVERSION = YES;
				GCC_WARN_ABOUT_RETURN_TYPE = YES_ERROR;
				GCC_WARN_UNDECLARED_SELECTOR = YES;
				GCC_WARN_UNINITIALIZED_AUTOS = YES_AGGRESSIVE;
				GCC_WARN_UNUSED_FUNCTION = YES;
				GCC_WARN_UNUSED_VARIABLE = YES;
				IPHONEOS_DEPLOYMENT_TARGET = 8.3;
				MTL_ENABLE_DEBUG_INFO = YES;
				ONLY_ACTIVE_ARCH = YES;
				SDKROOT = iphoneos;
				SWIFT_OPTIMIZATION_LEVEL = "-Onone";
				TARGETED_DEVICE_FAMILY = "1,2";
			};
			name = Debug;
		};
		5691BD791AA606A900CE3529 /* Release */ = {
			isa = XCBuildConfiguration;
			buildSettings = {
				ALWAYS_SEARCH_USER_PATHS = NO;
				CLANG_CXX_LANGUAGE_STANDARD = "gnu++0x";
				CLANG_CXX_LIBRARY = "libc++";
				CLANG_ENABLE_MODULES = YES;
				CLANG_ENABLE_OBJC_ARC = YES;
				CLANG_WARN_BOOL_CONVERSION = YES;
				CLANG_WARN_CONSTANT_CONVERSION = YES;
				CLANG_WARN_DIRECT_OBJC_ISA_USAGE = YES_ERROR;
				CLANG_WARN_EMPTY_BODY = YES;
				CLANG_WARN_ENUM_CONVERSION = YES;
				CLANG_WARN_INT_CONVERSION = YES;
				CLANG_WARN_OBJC_ROOT_CLASS = YES_ERROR;
				CLANG_WARN_UNREACHABLE_CODE = YES;
				CLANG_WARN__DUPLICATE_METHOD_MATCH = YES;
				"CODE_SIGN_IDENTITY[sdk=iphoneos*]" = "iPhone Developer";
				COPY_PHASE_STRIP = NO;
				DEBUG_INFORMATION_FORMAT = "dwarf-with-dsym";
				ENABLE_NS_ASSERTIONS = NO;
				ENABLE_STRICT_OBJC_MSGSEND = YES;
				GCC_C_LANGUAGE_STANDARD = gnu99;
				GCC_NO_COMMON_BLOCKS = YES;
				GCC_WARN_64_TO_32_BIT_CONVERSION = YES;
				GCC_WARN_ABOUT_RETURN_TYPE = YES_ERROR;
				GCC_WARN_UNDECLARED_SELECTOR = YES;
				GCC_WARN_UNINITIALIZED_AUTOS = YES_AGGRESSIVE;
				GCC_WARN_UNUSED_FUNCTION = YES;
				GCC_WARN_UNUSED_VARIABLE = YES;
				IPHONEOS_DEPLOYMENT_TARGET = 8.3;
				MTL_ENABLE_DEBUG_INFO = NO;
				SDKROOT = iphoneos;
				TARGETED_DEVICE_FAMILY = "1,2";
				VALIDATE_PRODUCT = YES;
			};
			name = Release;
		};
		5691BD7B1AA606A900CE3529 /* Debug */ = {
			isa = XCBuildConfiguration;
			buildSettings = {
				ASSETCATALOG_COMPILER_APPICON_NAME = AppIcon;
				INFOPLIST_FILE = Cassini/Info.plist;
				LD_RUNPATH_SEARCH_PATHS = "$(inherited) @executable_path/Frameworks";
				PRODUCT_NAME = "$(TARGET_NAME)";
			};
			name = Debug;
		};
		5691BD7C1AA606A900CE3529 /* Release */ = {
			isa = XCBuildConfiguration;
			buildSettings = {
				ASSETCATALOG_COMPILER_APPICON_NAME = AppIcon;
				INFOPLIST_FILE = Cassini/Info.plist;
				LD_RUNPATH_SEARCH_PATHS = "$(inherited) @executable_path/Frameworks";
				PRODUCT_NAME = "$(TARGET_NAME)";
			};
			name = Release;
		};
		5691BD7E1AA606A900CE3529 /* Debug */ = {
			isa = XCBuildConfiguration;
			buildSettings = {
				BUNDLE_LOADER = "$(TEST_HOST)";
				FRAMEWORK_SEARCH_PATHS = (
					"$(SDKROOT)/Developer/Library/Frameworks",
					"$(inherited)",
				);
				GCC_PREPROCESSOR_DEFINITIONS = (
					"DEBUG=1",
					"$(inherited)",
				);
				INFOPLIST_FILE = CassiniTests/Info.plist;
				LD_RUNPATH_SEARCH_PATHS = "$(inherited) @executable_path/Frameworks @loader_path/Frameworks";
				PRODUCT_NAME = "$(TARGET_NAME)";
				TEST_HOST = "$(BUILT_PRODUCTS_DIR)/Cassini.app/Cassini";
			};
			name = Debug;
		};
		5691BD7F1AA606A900CE3529 /* Release */ = {
			isa = XCBuildConfiguration;
			buildSettings = {
				BUNDLE_LOADER = "$(TEST_HOST)";
				FRAMEWORK_SEARCH_PATHS = (
					"$(SDKROOT)/Developer/Library/Frameworks",
					"$(inherited)",
				);
				INFOPLIST_FILE = CassiniTests/Info.plist;
				LD_RUNPATH_SEARCH_PATHS = "$(inherited) @executable_path/Frameworks @loader_path/Frameworks";
				PRODUCT_NAME = "$(TARGET_NAME)";
				TEST_HOST = "$(BUILT_PRODUCTS_DIR)/Cassini.app/Cassini";
			};
			name = Release;
		};
/* End XCBuildConfiguration section */

/* Begin XCConfigurationList section */
		5691BD561AA606A900CE3529 /* Build configuration list for PBXProject "Cassini" */ = {
			isa = XCConfigurationList;
			buildConfigurations = (
				5691BD781AA606A900CE3529 /* Debug */,
				5691BD791AA606A900CE3529 /* Release */,
			);
			defaultConfigurationIsVisible = 0;
			defaultConfigurationName = Release;
		};
		5691BD7A1AA606A900CE3529 /* Build configuration list for PBXNativeTarget "Cassini" */ = {
			isa = XCConfigurationList;
			buildConfigurations = (
				5691BD7B1AA606A900CE3529 /* Debug */,
				5691BD7C1AA606A900CE3529 /* Release */,
			);
			defaultConfigurationIsVisible = 0;
		};
		5691BD7D1AA606A900CE3529 /* Build configuration list for PBXNativeTarget "CassiniTests" */ = {
			isa = XCConfigurationList;
			buildConfigurations = (
				5691BD7E1AA606A900CE3529 /* Debug */,
				5691BD7F1AA606A900CE3529 /* Release */,
			);
			defaultConfigurationIsVisible = 0;
		};
/* End XCConfigurationList section */
	};
	rootObject = 5691BD531AA606A900CE3529 /* Project object */;
}
