// !$*UTF8*$!
{
	archiveVersion = 1;
	classes = {
	};
	objectVersion = 46;
	objects = {

/* Begin PBXBuildFile section */
		562E1B691A7D0F1400626D07 /* AppDelegate.swift in Sources */ = {isa = PBXBuildFile; fileRef = 562E1B681A7D0F1400626D07 /* AppDelegate.swift */; };
		562E1B6B1A7D0F1400626D07 /* ViewController.swift in Sources */ = {isa = PBXBuildFile; fileRef = 562E1B6A1A7D0F1400626D07 /* ViewController.swift */; };
		562E1B6E1A7D0F1400626D07 /* Main.storyboard in Resources */ = {isa = PBXBuildFile; fileRef = 562E1B6C1A7D0F1400626D07 /* Main.storyboard */; };
		562E1B701A7D0F1400626D07 /* Images.xcassets in Resources */ = {isa = PBXBuildFile; fileRef = 562E1B6F1A7D0F1400626D07 /* Images.xcassets */; };
		562E1B731A7D0F1400626D07 /* LaunchScreen.xib in Resources */ = {isa = PBXBuildFile; fileRef = 562E1B711A7D0F1400626D07 /* LaunchScreen.xib */; };
		562E1B7F1A7D0F1500626D07 /* CalculatorTests.swift in Sources */ = {isa = PBXBuildFile; fileRef = 562E1B7E1A7D0F1500626D07 /* CalculatorTests.swift */; };
		5653E8871A876218004D39FA /* CalculatorBrain.swift in Sources */ = {isa = PBXBuildFile; fileRef = 5653E8861A876218004D39FA /* CalculatorBrain.swift */; };
/* End PBXBuildFile section */

/* Begin PBXContainerItemProxy section */
		562E1B791A7D0F1500626D07 /* PBXContainerItemProxy */ = {
			isa = PBXContainerItemProxy;
			containerPortal = 562E1B5B1A7D0F1400626D07 /* Project object */;
			proxyType = 1;
			remoteGlobalIDString = 562E1B621A7D0F1400626D07;
			remoteInfo = Calculator;
		};
/* End PBXContainerItemProxy section */

/* Begin PBXFileReference section */
		562E1B631A7D0F1400626D07 /* Calculator.app */ = {isa = PBXFileReference; explicitFileType = wrapper.application; includeInIndex = 0; path = Calculator.app; sourceTree = BUILT_PRODUCTS_DIR; };
		562E1B671A7D0F1400626D07 /* Info.plist */ = {isa = PBXFileReference; lastKnownFileType = text.plist.xml; path = Info.plist; sourceTree = "<group>"; };
		562E1B681A7D0F1400626D07 /* AppDelegate.swift */ = {isa = PBXFileReference; lastKnownFileType = sourcecode.swift; path = AppDelegate.swift; sourceTree = "<group>"; };
		562E1B6A1A7D0F1400626D07 /* ViewController.swift */ = {isa = PBXFileReference; lastKnownFileType = sourcecode.swift; path = ViewController.swift; sourceTree = "<group>"; };
		562E1B6D1A7D0F1400626D07 /* Base */ = {isa = PBXFileReference; lastKnownFileType = file.storyboard; name = Base; path = Base.lproj/Main.storyboard; sourceTree = "<group>"; };
		562E1B6F1A7D0F1400626D07 /* Images.xcassets */ = {isa = PBXFileReference; lastKnownFileType = folder.assetcatalog; path = Images.xcassets; sourceTree = "<group>"; };
		562E1B721A7D0F1400626D07 /* Base */ = {isa = PBXFileReference; lastKnownFileType = file.xib; name = Base; path = Base.lproj/LaunchScreen.xib; sourceTree = "<group>"; };
		562E1B781A7D0F1500626D07 /* CalculatorTests.xctest */ = {isa = PBXFileReference; explicitFileType = wrapper.cfbundle; includeInIndex = 0; path = CalculatorTests.xctest; sourceTree = BUILT_PRODUCTS_DIR; };
		562E1B7D1A7D0F1500626D07 /* Info.plist */ = {isa = PBXFileReference; lastKnownFileType = text.plist.xml; path = Info.plist; sourceTree = "<group>"; };
		562E1B7E1A7D0F1500626D07 /* CalculatorTests.swift */ = {isa = PBXFileReference; lastKnownFileType = sourcecode.swift; path = CalculatorTests.swift; sourceTree = "<group>"; };
		5653E8861A876218004D39FA /* CalculatorBrain.swift */ = {isa = PBXFileReference; fileEncoding = 4; lastKnownFileType = sourcecode.swift; path = CalculatorBrain.swift; sourceTree = "<group>"; };
/* End PBXFileReference section */

/* Begin PBXFrameworksBuildPhase section */
		562E1B601A7D0F1400626D07 /* Frameworks */ = {
			isa = PBXFrameworksBuildPhase;
			buildActionMask = 2147483647;
			files = (
			);
			runOnlyForDeploymentPostprocessing = 0;
		};
		562E1B751A7D0F1500626D07 /* Frameworks */ = {
			isa = PBXFrameworksBuildPhase;
			buildActionMask = 2147483647;
			files = (
			);
			runOnlyForDeploymentPostprocessing = 0;
		};
/* End PBXFrameworksBuildPhase section */

/* Begin PBXGroup section */
		562E1B5A1A7D0F1400626D07 = {
			isa = PBXGroup;
			children = (
				562E1B651A7D0F1400626D07 /* Calculator */,
				562E1B7B1A7D0F1500626D07 /* CalculatorTests */,
				562E1B641A7D0F1400626D07 /* Products */,
			);
			sourceTree = "<group>";
		};
		562E1B641A7D0F1400626D07 /* Products */ = {
			isa = PBXGroup;
			children = (
				562E1B631A7D0F1400626D07 /* Calculator.app */,
				562E1B781A7D0F1500626D07 /* CalculatorTests.xctest */,
			);
			name = Products;
			sourceTree = "<group>";
		};
		562E1B651A7D0F1400626D07 /* Calculator */ = {
			isa = PBXGroup;
			children = (
				5653E8861A876218004D39FA /* CalculatorBrain.swift */,
				562E1B6A1A7D0F1400626D07 /* ViewController.swift */,
				562E1B6C1A7D0F1400626D07 /* Main.storyboard */,
				562E1B661A7D0F1400626D07 /* Supporting Files */,
			);
			path = Calculator;
			sourceTree = "<group>";
		};
		562E1B661A7D0F1400626D07 /* Supporting Files */ = {
			isa = PBXGroup;
			children = (
				562E1B681A7D0F1400626D07 /* AppDelegate.swift */,
				562E1B711A7D0F1400626D07 /* LaunchScreen.xib */,
				562E1B6F1A7D0F1400626D07 /* Images.xcassets */,
				562E1B671A7D0F1400626D07 /* Info.plist */,
			);
			name = "Supporting Files";
			sourceTree = "<group>";
		};
		562E1B7B1A7D0F1500626D07 /* CalculatorTests */ = {
			isa = PBXGroup;
			children = (
				562E1B7E1A7D0F1500626D07 /* CalculatorTests.swift */,
				562E1B7C1A7D0F1500626D07 /* Supporting Files */,
			);
			path = CalculatorTests;
			sourceTree = "<group>";
		};
		562E1B7C1A7D0F1500626D07 /* Supporting Files */ = {
			isa = PBXGroup;
			children = (
				562E1B7D1A7D0F1500626D07 /* Info.plist */,
			);
			name = "Supporting Files";
			sourceTree = "<group>";
		};
/* End PBXGroup section */

/* Begin PBXNativeTarget section */
		562E1B621A7D0F1400626D07 /* Calculator */ = {
			isa = PBXNativeTarget;
			buildConfigurationList = 562E1B821A7D0F1500626D07 /* Build configuration list for PBXNativeTarget "Calculator" */;
			buildPhases = (
				562E1B5F1A7D0F1400626D07 /* Sources */,
				562E1B601A7D0F1400626D07 /* Frameworks */,
				562E1B611A7D0F1400626D07 /* Resources */,
			);
			buildRules = (
			);
			dependencies = (
			);
			name = Calculator;
			productName = Calculator;
			productReference = 562E1B631A7D0F1400626D07 /* Calculator.app */;
			productType = "com.apple.product-type.application";
		};
		562E1B771A7D0F1500626D07 /* CalculatorTests */ = {
			isa = PBXNativeTarget;
			buildConfigurationList = 562E1B851A7D0F1500626D07 /* Build configuration list for PBXNativeTarget "CalculatorTests" */;
			buildPhases = (
				562E1B741A7D0F1500626D07 /* Sources */,
				562E1B751A7D0F1500626D07 /* Frameworks */,
				562E1B761A7D0F1500626D07 /* Resources */,
			);
			buildRules = (
			);
			dependencies = (
				562E1B7A1A7D0F1500626D07 /* PBXTargetDependency */,
			);
			name = CalculatorTests;
			productName = CalculatorTests;
			productReference = 562E1B781A7D0F1500626D07 /* CalculatorTests.xctest */;
			productType = "com.apple.product-type.bundle.unit-test";
		};
/* End PBXNativeTarget section */

/* Begin PBXProject section */
		562E1B5B1A7D0F1400626D07 /* Project object */ = {
			isa = PBXProject;
			attributes = {
				LastUpgradeCheck = 0610;
				ORGANIZATIONNAME = "Alin Muntean";
				TargetAttributes = {
					562E1B621A7D0F1400626D07 = {
						CreatedOnToolsVersion = 6.1.1;
					};
					562E1B771A7D0F1500626D07 = {
						CreatedOnToolsVersion = 6.1.1;
						TestTargetID = 562E1B621A7D0F1400626D07;
					};
				};
			};
			buildConfigurationList = 562E1B5E1A7D0F1400626D07 /* Build configuration list for PBXProject "Calculator" */;
			compatibilityVersion = "Xcode 3.2";
			developmentRegion = English;
			hasScannedForEncodings = 0;
			knownRegions = (
				en,
				Base,
			);
			mainGroup = 562E1B5A1A7D0F1400626D07;
			productRefGroup = 562E1B641A7D0F1400626D07 /* Products */;
			projectDirPath = "";
			projectRoot = "";
			targets = (
				562E1B621A7D0F1400626D07 /* Calculator */,
				562E1B771A7D0F1500626D07 /* CalculatorTests */,
			);
		};
/* End PBXProject section */

/* Begin PBXResourcesBuildPhase section */
		562E1B611A7D0F1400626D07 /* Resources */ = {
			isa = PBXResourcesBuildPhase;
			buildActionMask = 2147483647;
			files = (
				562E1B6E1A7D0F1400626D07 /* Main.storyboard in Resources */,
				562E1B731A7D0F1400626D07 /* LaunchScreen.xib in Resources */,
				562E1B701A7D0F1400626D07 /* Images.xcassets in Resources */,
			);
			runOnlyForDeploymentPostprocessing = 0;
		};
		562E1B761A7D0F1500626D07 /* Resources */ = {
			isa = PBXResourcesBuildPhase;
			buildActionMask = 2147483647;
			files = (
			);
			runOnlyForDeploymentPostprocessing = 0;
		};
/* End PBXResourcesBuildPhase section */

/* Begin PBXSourcesBuildPhase section */
		562E1B5F1A7D0F1400626D07 /* Sources */ = {
			isa = PBXSourcesBuildPhase;
			buildActionMask = 2147483647;
			files = (
				5653E8871A876218004D39FA /* CalculatorBrain.swift in Sources */,
				562E1B6B1A7D0F1400626D07 /* ViewController.swift in Sources */,
				562E1B691A7D0F1400626D07 /* AppDelegate.swift in Sources */,
			);
			runOnlyForDeploymentPostprocessing = 0;
		};
		562E1B741A7D0F1500626D07 /* Sources */ = {
			isa = PBXSourcesBuildPhase;
			buildActionMask = 2147483647;
			files = (
				562E1B7F1A7D0F1500626D07 /* CalculatorTests.swift in Sources */,
			);
			runOnlyForDeploymentPostprocessing = 0;
		};
/* End PBXSourcesBuildPhase section */

/* Begin PBXTargetDependency section */
		562E1B7A1A7D0F1500626D07 /* PBXTargetDependency */ = {
			isa = PBXTargetDependency;
			target = 562E1B621A7D0F1400626D07 /* Calculator */;
			targetProxy = 562E1B791A7D0F1500626D07 /* PBXContainerItemProxy */;
		};
/* End PBXTargetDependency section */

/* Begin PBXVariantGroup section */
		562E1B6C1A7D0F1400626D07 /* Main.storyboard */ = {
			isa = PBXVariantGroup;
			children = (
				562E1B6D1A7D0F1400626D07 /* Base */,
			);
			name = Main.storyboard;
			sourceTree = "<group>";
		};
		562E1B711A7D0F1400626D07 /* LaunchScreen.xib */ = {
			isa = PBXVariantGroup;
			children = (
				562E1B721A7D0F1400626D07 /* Base */,
			);
			name = LaunchScreen.xib;
			sourceTree = "<group>";
		};
/* End PBXVariantGroup section */

/* Begin XCBuildConfiguration section */
		562E1B801A7D0F1500626D07 /* Debug */ = {
			isa = XCBuildConfiguration;
			buildSettings = {
				ALWAYS_SEARCH_USER_PATHS = NO;
				CLANG_CXX_LANGUAGE_STANDARD = "gnu++0x";
				CLANG_CXX_LIBRARY = "libc++";
				CLANG_ENABLE_MODULES = YES;
				CLANG_ENABLE_OBJC_ARC = YES;
				CLANG_WARN_BOOL_CONVERSION = YES;
				CLANG_WARN_CONSTANT_CONVERSION = YES;
				CLANG_WARN_DIRECT_OBJC_ISA_USAGE = YES_ERROR;
				CLANG_WARN_EMPTY_BODY = YES;
				CLANG_WARN_ENUM_CONVERSION = YES;
				CLANG_WARN_INT_CONVERSION = YES;
				CLANG_WARN_OBJC_ROOT_CLASS = YES_ERROR;
				CLANG_WARN_UNREACHABLE_CODE = YES;
				CLANG_WARN__DUPLICATE_METHOD_MATCH = YES;
				"CODE_SIGN_IDENTITY[sdk=iphoneos*]" = "iPhone Developer";
				COPY_PHASE_STRIP = NO;
				ENABLE_STRICT_OBJC_MSGSEND = YES;
				GCC_C_LANGUAGE_STANDARD = gnu99;
				GCC_DYNAMIC_NO_PIC = NO;
				GCC_OPTIMIZATION_LEVEL = 0;
				GCC_PREPROCESSOR_DEFINITIONS = (
					"DEBUG=1",
					"$(inherited)",
				);
				GCC_SYMBOLS_PRIVATE_EXTERN = NO;
				GCC_WARN_64_TO_32_BIT_CONVERSION = YES;
				GCC_WARN_ABOUT_RETURN_TYPE = YES_ERROR;
				GCC_WARN_UNDECLARED_SELECTOR = YES;
				GCC_WARN_UNINITIALIZED_AUTOS = YES_AGGRESSIVE;
				GCC_WARN_UNUSED_FUNCTION = YES;
				GCC_WARN_UNUSED_VARIABLE = YES;
				IPHONEOS_DEPLOYMENT_TARGET = 8.1;
				MTL_ENABLE_DEBUG_INFO = YES;
				ONLY_ACTIVE_ARCH = YES;
				SDKROOT = iphoneos;
				SWIFT_OPTIMIZATION_LEVEL = "-Onone";
				TARGETED_DEVICE_FAMILY = "1,2";
			};
			name = Debug;
		};
		562E1B811A7D0F1500626D07 /* Release */ = {
			isa = XCBuildConfiguration;
			buildSettings = {
				ALWAYS_SEARCH_USER_PATHS = NO;
				CLANG_CXX_LANGUAGE_STANDARD = "gnu++0x";
				CLANG_CXX_LIBRARY = "libc++";
				CLANG_ENABLE_MODULES = YES;
				CLANG_ENABLE_OBJC_ARC = YES;
				CLANG_WARN_BOOL_CONVERSION = YES;
				CLANG_WARN_CONSTANT_CONVERSION = YES;
				CLANG_WARN_DIRECT_OBJC_ISA_USAGE = YES_ERROR;
				CLANG_WARN_EMPTY_BODY = YES;
				CLANG_WARN_ENUM_CONVERSION = YES;
				CLANG_WARN_INT_CONVERSION = YES;
				CLANG_WARN_OBJC_ROOT_CLASS = YES_ERROR;
				CLANG_WARN_UNREACHABLE_CODE = YES;
				CLANG_WARN__DUPLICATE_METHOD_MATCH = YES;
				"CODE_SIGN_IDENTITY[sdk=iphoneos*]" = "iPhone Developer";
				COPY_PHASE_STRIP = YES;
				ENABLE_NS_ASSERTIONS = NO;
				ENABLE_STRICT_OBJC_MSGSEND = YES;
				GCC_C_LANGUAGE_STANDARD = gnu99;
				GCC_WARN_64_TO_32_BIT_CONVERSION = YES;
				GCC_WARN_ABOUT_RETURN_TYPE = YES_ERROR;
				GCC_WARN_UNDECLARED_SELECTOR = YES;
				GCC_WARN_UNINITIALIZED_AUTOS = YES_AGGRESSIVE;
				GCC_WARN_UNUSED_FUNCTION = YES;
				GCC_WARN_UNUSED_VARIABLE = YES;
				IPHONEOS_DEPLOYMENT_TARGET = 8.1;
				MTL_ENABLE_DEBUG_INFO = NO;
				SDKROOT = iphoneos;
				TARGETED_DEVICE_FAMILY = "1,2";
				VALIDATE_PRODUCT = YES;
			};
			name = Release;
		};
		562E1B831A7D0F1500626D07 /* Debug */ = {
			isa = XCBuildConfiguration;
			buildSettings = {
				ASSETCATALOG_COMPILER_APPICON_NAME = AppIcon;
				INFOPLIST_FILE = Calculator/Info.plist;
				LD_RUNPATH_SEARCH_PATHS = "$(inherited) @executable_path/Frameworks";
				PRODUCT_NAME = "$(TARGET_NAME)";
			};
			name = Debug;
		};
		562E1B841A7D0F1500626D07 /* Release */ = {
			isa = XCBuildConfiguration;
			buildSettings = {
				ASSETCATALOG_COMPILER_APPICON_NAME = AppIcon;
				INFOPLIST_FILE = Calculator/Info.plist;
				LD_RUNPATH_SEARCH_PATHS = "$(inherited) @executable_path/Frameworks";
				PRODUCT_NAME = "$(TARGET_NAME)";
			};
			name = Release;
		};
		562E1B861A7D0F1500626D07 /* Debug */ = {
			isa = XCBuildConfiguration;
			buildSettings = {
				BUNDLE_LOADER = "$(TEST_HOST)";
				FRAMEWORK_SEARCH_PATHS = (
					"$(SDKROOT)/Developer/Library/Frameworks",
					"$(inherited)",
				);
				GCC_PREPROCESSOR_DEFINITIONS = (
					"DEBUG=1",
					"$(inherited)",
				);
				INFOPLIST_FILE = CalculatorTests/Info.plist;
				LD_RUNPATH_SEARCH_PATHS = "$(inherited) @executable_path/Frameworks @loader_path/Frameworks";
				PRODUCT_NAME = "$(TARGET_NAME)";
				TEST_HOST = "$(BUILT_PRODUCTS_DIR)/Calculator.app/Calculator";
			};
			name = Debug;
		};
		562E1B871A7D0F1500626D07 /* Release */ = {
			isa = XCBuildConfiguration;
			buildSettings = {
				BUNDLE_LOADER = "$(TEST_HOST)";
				FRAMEWORK_SEARCH_PATHS = (
					"$(SDKROOT)/Developer/Library/Frameworks",
					"$(inherited)",
				);
				INFOPLIST_FILE = CalculatorTests/Info.plist;
				LD_RUNPATH_SEARCH_PATHS = "$(inherited) @executable_path/Frameworks @loader_path/Frameworks";
				PRODUCT_NAME = "$(TARGET_NAME)";
				TEST_HOST = "$(BUILT_PRODUCTS_DIR)/Calculator.app/Calculator";
			};
			name = Release;
		};
/* End XCBuildConfiguration section */

/* Begin XCConfigurationList section */
		562E1B5E1A7D0F1400626D07 /* Build configuration list for PBXProject "Calculator" */ = {
			isa = XCConfigurationList;
			buildConfigurations = (
				562E1B801A7D0F1500626D07 /* Debug */,
				562E1B811A7D0F1500626D07 /* Release */,
			);
			defaultConfigurationIsVisible = 0;
			defaultConfigurationName = Release;
		};
		562E1B821A7D0F1500626D07 /* Build configuration list for PBXNativeTarget "Calculator" */ = {
			isa = XCConfigurationList;
			buildConfigurations = (
				562E1B831A7D0F1500626D07 /* Debug */,
				562E1B841A7D0F1500626D07 /* Release */,
			);
			defaultConfigurationIsVisible = 0;
			defaultConfigurationName = Release;
		};
		562E1B851A7D0F1500626D07 /* Build configuration list for PBXNativeTarget "CalculatorTests" */ = {
			isa = XCConfigurationList;
			buildConfigurations = (
				562E1B861A7D0F1500626D07 /* Debug */,
				562E1B871A7D0F1500626D07 /* Release */,
			);
			defaultConfigurationIsVisible = 0;
			defaultConfigurationName = Release;
		};
/* End XCConfigurationList section */
	};
	rootObject = 562E1B5B1A7D0F1400626D07 /* Project object */;
}
